
Microsoft Visual Studio Solution File, Format Version 12.00
# Visual Studio 14
VisualStudioVersion = 14.0.25420.1
MinimumVisualStudioVersion = 10.0.40219.1
Project("{FAE04EC0-301F-11D3-BF4B-00C04F79EFBC}") = "Lab3.Android", "Lab3\Lab3.Android\Lab3.Android.csproj", "{07E6ECA3-3FFB-4AE3-926B-6D0A3CF0E61B}"
EndProject
Project("{FAE04EC0-301F-11D3-BF4B-00C04F79EFBC}") = "Lab3", "Lab3\Lab3\Lab3.csproj", "{B4E169EF-FCBB-4D4F-9317-A517DC276945}"
EndProject
Project("{FAE04EC0-301F-11D3-BF4B-00C04F79EFBC}") = "Lab3.UWP", "Lab3\Lab3.UWP\Lab3.UWP.csproj", "{B6589881-970C-4C32-8EA8-6F926C7AC1D6}"
EndProject
Project("{FAE04EC0-301F-11D3-BF4B-00C04F79EFBC}") = "Lab3.iOS", "Lab3\Lab3.iOS\Lab3.iOS.csproj", "{38DD9552-93BB-483B-881B-DC16FC409081}"
EndProject
Global
	GlobalSection(SolutionConfigurationPlatforms) = preSolution
		Ad-Hoc|Any CPU = Ad-Hoc|Any CPU
		Ad-Hoc|ARM = Ad-Hoc|ARM
		Ad-Hoc|iPhone = Ad-Hoc|iPhone
		Ad-Hoc|iPhoneSimulator = Ad-Hoc|iPhoneSimulator
		Ad-Hoc|x64 = Ad-Hoc|x64
		Ad-Hoc|x86 = Ad-Hoc|x86
		AppStore|Any CPU = AppStore|Any CPU
		AppStore|ARM = AppStore|ARM
		AppStore|iPhone = AppStore|iPhone
		AppStore|iPhoneSimulator = AppStore|iPhoneSimulator
		AppStore|x64 = AppStore|x64
		AppStore|x86 = AppStore|x86
		Debug|Any CPU = Debug|Any CPU
		Debug|ARM = Debug|ARM
		Debug|iPhone = Debug|iPhone
		Debug|iPhoneSimulator = Debug|iPhoneSimulator
		Debug|x64 = Debug|x64
		Debug|x86 = Debug|x86
		Release|Any CPU = Release|Any CPU
		Release|ARM = Release|ARM
		Release|iPhone = Release|iPhone
		Release|iPhoneSimulator = Release|iPhoneSimulator
		Release|x64 = Release|x64
		Release|x86 = Release|x86
	EndGlobalSection
	GlobalSection(ProjectConfigurationPlatforms) = postSolution
		{07E6ECA3-3FFB-4AE3-926B-6D0A3CF0E61B}.Ad-Hoc|Any CPU.ActiveCfg = Release|Any CPU
		{07E6ECA3-3FFB-4AE3-926B-6D0A3CF0E61B}.Ad-Hoc|Any CPU.Build.0 = Release|Any CPU
		{07E6ECA3-3FFB-4AE3-926B-6D0A3CF0E61B}.Ad-Hoc|Any CPU.Deploy.0 = Release|Any CPU
		{07E6ECA3-3FFB-4AE3-926B-6D0A3CF0E61B}.Ad-Hoc|ARM.ActiveCfg = Release|Any CPU
		{07E6ECA3-3FFB-4AE3-926B-6D0A3CF0E61B}.Ad-Hoc|ARM.Build.0 = Release|Any CPU
		{07E6ECA3-3FFB-4AE3-926B-6D0A3CF0E61B}.Ad-Hoc|ARM.Deploy.0 = Release|Any CPU
		{07E6ECA3-3FFB-4AE3-926B-6D0A3CF0E61B}.Ad-Hoc|iPhone.ActiveCfg = Release|Any CPU
		{07E6ECA3-3FFB-4AE3-926B-6D0A3CF0E61B}.Ad-Hoc|iPhone.Build.0 = Release|Any CPU
		{07E6ECA3-3FFB-4AE3-926B-6D0A3CF0E61B}.Ad-Hoc|iPhone.Deploy.0 = Release|Any CPU
		{07E6ECA3-3FFB-4AE3-926B-6D0A3CF0E61B}.Ad-Hoc|iPhoneSimulator.ActiveCfg = Release|Any CPU
		{07E6ECA3-3FFB-4AE3-926B-6D0A3CF0E61B}.Ad-Hoc|iPhoneSimulator.Build.0 = Release|Any CPU
		{07E6ECA3-3FFB-4AE3-926B-6D0A3CF0E61B}.Ad-Hoc|iPhoneSimulator.Deploy.0 = Release|Any CPU
		{07E6ECA3-3FFB-4AE3-926B-6D0A3CF0E61B}.Ad-Hoc|x64.ActiveCfg = Release|Any CPU
		{07E6ECA3-3FFB-4AE3-926B-6D0A3CF0E61B}.Ad-Hoc|x64.Build.0 = Release|Any CPU
		{07E6ECA3-3FFB-4AE3-926B-6D0A3CF0E61B}.Ad-Hoc|x64.Deploy.0 = Release|Any CPU
		{07E6ECA3-3FFB-4AE3-926B-6D0A3CF0E61B}.Ad-Hoc|x86.ActiveCfg = Release|Any CPU
		{07E6ECA3-3FFB-4AE3-926B-6D0A3CF0E61B}.Ad-Hoc|x86.Build.0 = Release|Any CPU
		{07E6ECA3-3FFB-4AE3-926B-6D0A3CF0E61B}.Ad-Hoc|x86.Deploy.0 = Release|Any CPU
		{07E6ECA3-3FFB-4AE3-926B-6D0A3CF0E61B}.AppStore|Any CPU.ActiveCfg = Release|Any CPU
		{07E6ECA3-3FFB-4AE3-926B-6D0A3CF0E61B}.AppStore|Any CPU.Build.0 = Release|Any CPU
		{07E6ECA3-3FFB-4AE3-926B-6D0A3CF0E61B}.AppStore|Any CPU.Deploy.0 = Release|Any CPU
		{07E6ECA3-3FFB-4AE3-926B-6D0A3CF0E61B}.AppStore|ARM.ActiveCfg = Release|Any CPU
		{07E6ECA3-3FFB-4AE3-926B-6D0A3CF0E61B}.AppStore|ARM.Build.0 = Release|Any CPU
		{07E6ECA3-3FFB-4AE3-926B-6D0A3CF0E61B}.AppStore|ARM.Deploy.0 = Release|Any CPU
		{07E6ECA3-3FFB-4AE3-926B-6D0A3CF0E61B}.AppStore|iPhone.ActiveCfg = Release|Any CPU
		{07E6ECA3-3FFB-4AE3-926B-6D0A3CF0E61B}.AppStore|iPhone.Build.0 = Release|Any CPU
		{07E6ECA3-3FFB-4AE3-926B-6D0A3CF0E61B}.AppStore|iPhone.Deploy.0 = Release|Any CPU
		{07E6ECA3-3FFB-4AE3-926B-6D0A3CF0E61B}.AppStore|iPhoneSimulator.ActiveCfg = Release|Any CPU
		{07E6ECA3-3FFB-4AE3-926B-6D0A3CF0E61B}.AppStore|iPhoneSimulator.Build.0 = Release|Any CPU
		{07E6ECA3-3FFB-4AE3-926B-6D0A3CF0E61B}.AppStore|iPhoneSimulator.Deploy.0 = Release|Any CPU
		{07E6ECA3-3FFB-4AE3-926B-6D0A3CF0E61B}.AppStore|x64.ActiveCfg = Release|Any CPU
		{07E6ECA3-3FFB-4AE3-926B-6D0A3CF0E61B}.AppStore|x64.Build.0 = Release|Any CPU
		{07E6ECA3-3FFB-4AE3-926B-6D0A3CF0E61B}.AppStore|x64.Deploy.0 = Release|Any CPU
		{07E6ECA3-3FFB-4AE3-926B-6D0A3CF0E61B}.AppStore|x86.ActiveCfg = Release|Any CPU
		{07E6ECA3-3FFB-4AE3-926B-6D0A3CF0E61B}.AppStore|x86.Build.0 = Release|Any CPU
		{07E6ECA3-3FFB-4AE3-926B-6D0A3CF0E61B}.AppStore|x86.Deploy.0 = Release|Any CPU
		{07E6ECA3-3FFB-4AE3-926B-6D0A3CF0E61B}.Debug|Any CPU.ActiveCfg = Debug|Any CPU
		{07E6ECA3-3FFB-4AE3-926B-6D0A3CF0E61B}.Debug|Any CPU.Build.0 = Debug|Any CPU
		{07E6ECA3-3FFB-4AE3-926B-6D0A3CF0E61B}.Debug|Any CPU.Deploy.0 = Debug|Any CPU
		{07E6ECA3-3FFB-4AE3-926B-6D0A3CF0E61B}.Debug|ARM.ActiveCfg = Debug|Any CPU
		{07E6ECA3-3FFB-4AE3-926B-6D0A3CF0E61B}.Debug|ARM.Build.0 = Debug|Any CPU
		{07E6ECA3-3FFB-4AE3-926B-6D0A3CF0E61B}.Debug|ARM.Deploy.0 = Debug|Any CPU
		{07E6ECA3-3FFB-4AE3-926B-6D0A3CF0E61B}.Debug|iPhone.ActiveCfg = Debug|Any CPU
		{07E6ECA3-3FFB-4AE3-926B-6D0A3CF0E61B}.Debug|iPhone.Build.0 = Debug|Any CPU
		{07E6ECA3-3FFB-4AE3-926B-6D0A3CF0E61B}.Debug|iPhone.Deploy.0 = Debug|Any CPU
		{07E6ECA3-3FFB-4AE3-926B-6D0A3CF0E61B}.Debug|iPhoneSimulator.ActiveCfg = Debug|Any CPU
		{07E6ECA3-3FFB-4AE3-926B-6D0A3CF0E61B}.Debug|iPhoneSimulator.Build.0 = Debug|Any CPU
		{07E6ECA3-3FFB-4AE3-926B-6D0A3CF0E61B}.Debug|iPhoneSimulator.Deploy.0 = Debug|Any CPU
		{07E6ECA3-3FFB-4AE3-926B-6D0A3CF0E61B}.Debug|x64.ActiveCfg = Debug|Any CPU
		{07E6ECA3-3FFB-4AE3-926B-6D0A3CF0E61B}.Debug|x64.Build.0 = Debug|Any CPU
		{07E6ECA3-3FFB-4AE3-926B-6D0A3CF0E61B}.Debug|x64.Deploy.0 = Debug|Any CPU
		{07E6ECA3-3FFB-4AE3-926B-6D0A3CF0E61B}.Debug|x86.ActiveCfg = Debug|Any CPU
		{07E6ECA3-3FFB-4AE3-926B-6D0A3CF0E61B}.Debug|x86.Build.0 = Debug|Any CPU
		{07E6ECA3-3FFB-4AE3-926B-6D0A3CF0E61B}.Debug|x86.Deploy.0 = Debug|Any CPU
		{07E6ECA3-3FFB-4AE3-926B-6D0A3CF0E61B}.Release|Any CPU.ActiveCfg = Release|Any CPU
		{07E6ECA3-3FFB-4AE3-926B-6D0A3CF0E61B}.Release|Any CPU.Build.0 = Release|Any CPU
		{07E6ECA3-3FFB-4AE3-926B-6D0A3CF0E61B}.Release|Any CPU.Deploy.0 = Release|Any CPU
		{07E6ECA3-3FFB-4AE3-926B-6D0A3CF0E61B}.Release|ARM.ActiveCfg = Release|Any CPU
		{07E6ECA3-3FFB-4AE3-926B-6D0A3CF0E61B}.Release|ARM.Build.0 = Release|Any CPU
		{07E6ECA3-3FFB-4AE3-926B-6D0A3CF0E61B}.Release|ARM.Deploy.0 = Release|Any CPU
		{07E6ECA3-3FFB-4AE3-926B-6D0A3CF0E61B}.Release|iPhone.ActiveCfg = Release|Any CPU
		{07E6ECA3-3FFB-4AE3-926B-6D0A3CF0E61B}.Release|iPhone.Build.0 = Release|Any CPU
		{07E6ECA3-3FFB-4AE3-926B-6D0A3CF0E61B}.Release|iPhone.Deploy.0 = Release|Any CPU
		{07E6ECA3-3FFB-4AE3-926B-6D0A3CF0E61B}.Release|iPhoneSimulator.ActiveCfg = Release|Any CPU
		{07E6ECA3-3FFB-4AE3-926B-6D0A3CF0E61B}.Release|iPhoneSimulator.Build.0 = Release|Any CPU
		{07E6ECA3-3FFB-4AE3-926B-6D0A3CF0E61B}.Release|iPhoneSimulator.Deploy.0 = Release|Any CPU
		{07E6ECA3-3FFB-4AE3-926B-6D0A3CF0E61B}.Release|x64.ActiveCfg = Release|Any CPU
		{07E6ECA3-3FFB-4AE3-926B-6D0A3CF0E61B}.Release|x64.Build.0 = Release|Any CPU
		{07E6ECA3-3FFB-4AE3-926B-6D0A3CF0E61B}.Release|x64.Deploy.0 = Release|Any CPU
		{07E6ECA3-3FFB-4AE3-926B-6D0A3CF0E61B}.Release|x86.ActiveCfg = Release|Any CPU
		{07E6ECA3-3FFB-4AE3-926B-6D0A3CF0E61B}.Release|x86.Build.0 = Release|Any CPU
		{07E6ECA3-3FFB-4AE3-926B-6D0A3CF0E61B}.Release|x86.Deploy.0 = Release|Any CPU
		{B4E169EF-FCBB-4D4F-9317-A517DC276945}.Ad-Hoc|Any CPU.ActiveCfg = Release|Any CPU
		{B4E169EF-FCBB-4D4F-9317-A517DC276945}.Ad-Hoc|Any CPU.Build.0 = Release|Any CPU
		{B4E169EF-FCBB-4D4F-9317-A517DC276945}.Ad-Hoc|ARM.ActiveCfg = Release|Any CPU
		{B4E169EF-FCBB-4D4F-9317-A517DC276945}.Ad-Hoc|ARM.Build.0 = Release|Any CPU
		{B4E169EF-FCBB-4D4F-9317-A517DC276945}.Ad-Hoc|iPhone.ActiveCfg = Release|Any CPU
		{B4E169EF-FCBB-4D4F-9317-A517DC276945}.Ad-Hoc|iPhone.Build.0 = Release|Any CPU
		{B4E169EF-FCBB-4D4F-9317-A517DC276945}.Ad-Hoc|iPhoneSimulator.ActiveCfg = Release|Any CPU
		{B4E169EF-FCBB-4D4F-9317-A517DC276945}.Ad-Hoc|iPhoneSimulator.Build.0 = Release|Any CPU
		{B4E169EF-FCBB-4D4F-9317-A517DC276945}.Ad-Hoc|x64.ActiveCfg = Release|Any CPU
		{B4E169EF-FCBB-4D4F-9317-A517DC276945}.Ad-Hoc|x64.Build.0 = Release|Any CPU
		{B4E169EF-FCBB-4D4F-9317-A517DC276945}.Ad-Hoc|x86.ActiveCfg = Release|Any CPU
		{B4E169EF-FCBB-4D4F-9317-A517DC276945}.Ad-Hoc|x86.Build.0 = Release|Any CPU
		{B4E169EF-FCBB-4D4F-9317-A517DC276945}.AppStore|Any CPU.ActiveCfg = Release|Any CPU
		{B4E169EF-FCBB-4D4F-9317-A517DC276945}.AppStore|Any CPU.Build.0 = Release|Any CPU
		{B4E169EF-FCBB-4D4F-9317-A517DC276945}.AppStore|ARM.ActiveCfg = Release|Any CPU
		{B4E169EF-FCBB-4D4F-9317-A517DC276945}.AppStore|ARM.Build.0 = Release|Any CPU
		{B4E169EF-FCBB-4D4F-9317-A517DC276945}.AppStore|iPhone.ActiveCfg = Release|Any CPU
		{B4E169EF-FCBB-4D4F-9317-A517DC276945}.AppStore|iPhone.Build.0 = Release|Any CPU
		{B4E169EF-FCBB-4D4F-9317-A517DC276945}.AppStore|iPhoneSimulator.ActiveCfg = Release|Any CPU
		{B4E169EF-FCBB-4D4F-9317-A517DC276945}.AppStore|iPhoneSimulator.Build.0 = Release|Any CPU
		{B4E169EF-FCBB-4D4F-9317-A517DC276945}.AppStore|x64.ActiveCfg = Release|Any CPU
		{B4E169EF-FCBB-4D4F-9317-A517DC276945}.AppStore|x64.Build.0 = Release|Any CPU
		{B4E169EF-FCBB-4D4F-9317-A517DC276945}.AppStore|x86.ActiveCfg = Release|Any CPU
		{B4E169EF-FCBB-4D4F-9317-A517DC276945}.AppStore|x86.Build.0 = Release|Any CPU
		{B4E169EF-FCBB-4D4F-9317-A517DC276945}.Debug|Any CPU.ActiveCfg = Debug|Any CPU
		{B4E169EF-FCBB-4D4F-9317-A517DC276945}.Debug|Any CPU.Build.0 = Debug|Any CPU
		{B4E169EF-FCBB-4D4F-9317-A517DC276945}.Debug|ARM.ActiveCfg = Debug|Any CPU
		{B4E169EF-FCBB-4D4F-9317-A517DC276945}.Debug|ARM.Build.0 = Debug|Any CPU
		{B4E169EF-FCBB-4D4F-9317-A517DC276945}.Debug|iPhone.ActiveCfg = Debug|Any CPU
		{B4E169EF-FCBB-4D4F-9317-A517DC276945}.Debug|iPhone.Build.0 = Debug|Any CPU
		{B4E169EF-FCBB-4D4F-9317-A517DC276945}.Debug|iPhoneSimulator.ActiveCfg = Debug|Any CPU
		{B4E169EF-FCBB-4D4F-9317-A517DC276945}.Debug|iPhoneSimulator.Build.0 = Debug|Any CPU
		{B4E169EF-FCBB-4D4F-9317-A517DC276945}.Debug|x64.ActiveCfg = Debug|Any CPU
		{B4E169EF-FCBB-4D4F-9317-A517DC276945}.Debug|x64.Build.0 = Debug|Any CPU
		{B4E169EF-FCBB-4D4F-9317-A517DC276945}.Debug|x86.ActiveCfg = Debug|Any CPU
		{B4E169EF-FCBB-4D4F-9317-A517DC276945}.Debug|x86.Build.0 = Debug|Any CPU
		{B4E169EF-FCBB-4D4F-9317-A517DC276945}.Release|Any CPU.ActiveCfg = Release|Any CPU
		{B4E169EF-FCBB-4D4F-9317-A517DC276945}.Release|Any CPU.Build.0 = Release|Any CPU
		{B4E169EF-FCBB-4D4F-9317-A517DC276945}.Release|ARM.ActiveCfg = Release|Any CPU
		{B4E169EF-FCBB-4D4F-9317-A517DC276945}.Release|ARM.Build.0 = Release|Any CPU
		{B4E169EF-FCBB-4D4F-9317-A517DC276945}.Release|iPhone.ActiveCfg = Release|Any CPU
		{B4E169EF-FCBB-4D4F-9317-A517DC276945}.Release|iPhone.Build.0 = Release|Any CPU
		{B4E169EF-FCBB-4D4F-9317-A517DC276945}.Release|iPhoneSimulator.ActiveCfg = Release|Any CPU
		{B4E169EF-FCBB-4D4F-9317-A517DC276945}.Release|iPhoneSimulator.Build.0 = Release|Any CPU
		{B4E169EF-FCBB-4D4F-9317-A517DC276945}.Release|x64.ActiveCfg = Release|Any CPU
		{B4E169EF-FCBB-4D4F-9317-A517DC276945}.Release|x64.Build.0 = Release|Any CPU
		{B4E169EF-FCBB-4D4F-9317-A517DC276945}.Release|x86.ActiveCfg = Release|Any CPU
		{B4E169EF-FCBB-4D4F-9317-A517DC276945}.Release|x86.Build.0 = Release|Any CPU
		{B6589881-970C-4C32-8EA8-6F926C7AC1D6}.Ad-Hoc|Any CPU.ActiveCfg = Release|x86
		{B6589881-970C-4C32-8EA8-6F926C7AC1D6}.Ad-Hoc|Any CPU.Build.0 = Release|x86
		{B6589881-970C-4C32-8EA8-6F926C7AC1D6}.Ad-Hoc|Any CPU.Deploy.0 = Release|x86
		{B6589881-970C-4C32-8EA8-6F926C7AC1D6}.Ad-Hoc|ARM.ActiveCfg = Release|ARM
		{B6589881-970C-4C32-8EA8-6F926C7AC1D6}.Ad-Hoc|ARM.Build.0 = Release|ARM
		{B6589881-970C-4C32-8EA8-6F926C7AC1D6}.Ad-Hoc|ARM.Deploy.0 = Release|ARM
		{B6589881-970C-4C32-8EA8-6F926C7AC1D6}.Ad-Hoc|iPhone.ActiveCfg = Release|x86
		{B6589881-970C-4C32-8EA8-6F926C7AC1D6}.Ad-Hoc|iPhone.Build.0 = Release|x86
		{B6589881-970C-4C32-8EA8-6F926C7AC1D6}.Ad-Hoc|iPhone.Deploy.0 = Release|x86
		{B6589881-970C-4C32-8EA8-6F926C7AC1D6}.Ad-Hoc|iPhoneSimulator.ActiveCfg = Release|x86
		{B6589881-970C-4C32-8EA8-6F926C7AC1D6}.Ad-Hoc|iPhoneSimulator.Build.0 = Release|x86
		{B6589881-970C-4C32-8EA8-6F926C7AC1D6}.Ad-Hoc|iPhoneSimulator.Deploy.0 = Release|x86
		{B6589881-970C-4C32-8EA8-6F926C7AC1D6}.Ad-Hoc|x64.ActiveCfg = Release|x64
		{B6589881-970C-4C32-8EA8-6F926C7AC1D6}.Ad-Hoc|x64.Build.0 = Release|x64
		{B6589881-970C-4C32-8EA8-6F926C7AC1D6}.Ad-Hoc|x64.Deploy.0 = Release|x64
		{B6589881-970C-4C32-8EA8-6F926C7AC1D6}.Ad-Hoc|x86.ActiveCfg = Release|x86
		{B6589881-970C-4C32-8EA8-6F926C7AC1D6}.Ad-Hoc|x86.Build.0 = Release|x86
		{B6589881-970C-4C32-8EA8-6F926C7AC1D6}.Ad-Hoc|x86.Deploy.0 = Release|x86
		{B6589881-970C-4C32-8EA8-6F926C7AC1D6}.AppStore|Any CPU.ActiveCfg = Release|x86
		{B6589881-970C-4C32-8EA8-6F926C7AC1D6}.AppStore|Any CPU.Build.0 = Release|x86
		{B6589881-970C-4C32-8EA8-6F926C7AC1D6}.AppStore|Any CPU.Deploy.0 = Release|x86
		{B6589881-970C-4C32-8EA8-6F926C7AC1D6}.AppStore|ARM.ActiveCfg = Release|ARM
		{B6589881-970C-4C32-8EA8-6F926C7AC1D6}.AppStore|ARM.Build.0 = Release|ARM
		{B6589881-970C-4C32-8EA8-6F926C7AC1D6}.AppStore|ARM.Deploy.0 = Release|ARM
		{B6589881-970C-4C32-8EA8-6F926C7AC1D6}.AppStore|iPhone.ActiveCfg = Release|x86
		{B6589881-970C-4C32-8EA8-6F926C7AC1D6}.AppStore|iPhone.Build.0 = Release|x86
		{B6589881-970C-4C32-8EA8-6F926C7AC1D6}.AppStore|iPhone.Deploy.0 = Release|x86
		{B6589881-970C-4C32-8EA8-6F926C7AC1D6}.AppStore|iPhoneSimulator.ActiveCfg = Release|x86
		{B6589881-970C-4C32-8EA8-6F926C7AC1D6}.AppStore|iPhoneSimulator.Build.0 = Release|x86
		{B6589881-970C-4C32-8EA8-6F926C7AC1D6}.AppStore|iPhoneSimulator.Deploy.0 = Release|x86
		{B6589881-970C-4C32-8EA8-6F926C7AC1D6}.AppStore|x64.ActiveCfg = Release|x64
		{B6589881-970C-4C32-8EA8-6F926C7AC1D6}.AppStore|x64.Build.0 = Release|x64
		{B6589881-970C-4C32-8EA8-6F926C7AC1D6}.AppStore|x64.Deploy.0 = Release|x64
		{B6589881-970C-4C32-8EA8-6F926C7AC1D6}.AppStore|x86.ActiveCfg = Release|x86
		{B6589881-970C-4C32-8EA8-6F926C7AC1D6}.AppStore|x86.Build.0 = Release|x86
		{B6589881-970C-4C32-8EA8-6F926C7AC1D6}.AppStore|x86.Deploy.0 = Release|x86
		{B6589881-970C-4C32-8EA8-6F926C7AC1D6}.Debug|Any CPU.ActiveCfg = Debug|x86
		{B6589881-970C-4C32-8EA8-6F926C7AC1D6}.Debug|ARM.ActiveCfg = Debug|ARM
		{B6589881-970C-4C32-8EA8-6F926C7AC1D6}.Debug|ARM.Build.0 = Debug|ARM
		{B6589881-970C-4C32-8EA8-6F926C7AC1D6}.Debug|ARM.Deploy.0 = Debug|ARM
		{B6589881-970C-4C32-8EA8-6F926C7AC1D6}.Debug|iPhone.ActiveCfg = Debug|x86
		{B6589881-970C-4C32-8EA8-6F926C7AC1D6}.Debug|iPhoneSimulator.ActiveCfg = Debug|x86
		{B6589881-970C-4C32-8EA8-6F926C7AC1D6}.Debug|x64.ActiveCfg = Debug|x64
		{B6589881-970C-4C32-8EA8-6F926C7AC1D6}.Debug|x64.Build.0 = Debug|x64
		{B6589881-970C-4C32-8EA8-6F926C7AC1D6}.Debug|x64.Deploy.0 = Debug|x64
		{B6589881-970C-4C32-8EA8-6F926C7AC1D6}.Debug|x86.ActiveCfg = Debug|x86
		{B6589881-970C-4C32-8EA8-6F926C7AC1D6}.Debug|x86.Build.0 = Debug|x86
		{B6589881-970C-4C32-8EA8-6F926C7AC1D6}.Debug|x86.Deploy.0 = Debug|x86
		{B6589881-970C-4C32-8EA8-6F926C7AC1D6}.Release|Any CPU.ActiveCfg = Release|x86
		{B6589881-970C-4C32-8EA8-6F926C7AC1D6}.Release|ARM.ActiveCfg = Release|ARM
		{B6589881-970C-4C32-8EA8-6F926C7AC1D6}.Release|ARM.Build.0 = Release|ARM
		{B6589881-970C-4C32-8EA8-6F926C7AC1D6}.Release|ARM.Deploy.0 = Release|ARM
		{B6589881-970C-4C32-8EA8-6F926C7AC1D6}.Release|iPhone.ActiveCfg = Release|x86
		{B6589881-970C-4C32-8EA8-6F926C7AC1D6}.Release|iPhoneSimulator.ActiveCfg = Release|x86
		{B6589881-970C-4C32-8EA8-6F926C7AC1D6}.Release|x64.ActiveCfg = Release|x64
		{B6589881-970C-4C32-8EA8-6F926C7AC1D6}.Release|x64.Build.0 = Release|x64
		{B6589881-970C-4C32-8EA8-6F926C7AC1D6}.Release|x64.Deploy.0 = Release|x64
		{B6589881-970C-4C32-8EA8-6F926C7AC1D6}.Release|x86.ActiveCfg = Release|x86
		{B6589881-970C-4C32-8EA8-6F926C7AC1D6}.Release|x86.Build.0 = Release|x86
		{B6589881-970C-4C32-8EA8-6F926C7AC1D6}.Release|x86.Deploy.0 = Release|x86
		{38DD9552-93BB-483B-881B-DC16FC409081}.Ad-Hoc|Any CPU.ActiveCfg = Ad-Hoc|iPhone
		{38DD9552-93BB-483B-881B-DC16FC409081}.Ad-Hoc|ARM.ActiveCfg = Ad-Hoc|iPhone
		{38DD9552-93BB-483B-881B-DC16FC409081}.Ad-Hoc|iPhone.ActiveCfg = Ad-Hoc|iPhone
		{38DD9552-93BB-483B-881B-DC16FC409081}.Ad-Hoc|iPhone.Build.0 = Ad-Hoc|iPhone
		{38DD9552-93BB-483B-881B-DC16FC409081}.Ad-Hoc|iPhoneSimulator.ActiveCfg = Ad-Hoc|iPhoneSimulator
		{38DD9552-93BB-483B-881B-DC16FC409081}.Ad-Hoc|iPhoneSimulator.Build.0 = Ad-Hoc|iPhoneSimulator
		{38DD9552-93BB-483B-881B-DC16FC409081}.Ad-Hoc|x64.ActiveCfg = Ad-Hoc|iPhone
		{38DD9552-93BB-483B-881B-DC16FC409081}.Ad-Hoc|x86.ActiveCfg = Ad-Hoc|iPhone
		{38DD9552-93BB-483B-881B-DC16FC409081}.AppStore|Any CPU.ActiveCfg = AppStore|iPhone
		{38DD9552-93BB-483B-881B-DC16FC409081}.AppStore|ARM.ActiveCfg = AppStore|iPhone
		{38DD9552-93BB-483B-881B-DC16FC409081}.AppStore|iPhone.ActiveCfg = AppStore|iPhone
		{38DD9552-93BB-483B-881B-DC16FC409081}.AppStore|iPhone.Build.0 = AppStore|iPhone
		{38DD9552-93BB-483B-881B-DC16FC409081}.AppStore|iPhoneSimulator.ActiveCfg = AppStore|iPhoneSimulator
		{38DD9552-93BB-483B-881B-DC16FC409081}.AppStore|iPhoneSimulator.Build.0 = AppStore|iPhoneSimulator
		{38DD9552-93BB-483B-881B-DC16FC409081}.AppStore|x64.ActiveCfg = AppStore|iPhone
		{38DD9552-93BB-483B-881B-DC16FC409081}.AppStore|x86.ActiveCfg = AppStore|iPhone
		{38DD9552-93BB-483B-881B-DC16FC409081}.Debug|Any CPU.ActiveCfg = Debug|iPhone
		{38DD9552-93BB-483B-881B-DC16FC409081}.Debug|ARM.ActiveCfg = Debug|iPhone
		{38DD9552-93BB-483B-881B-DC16FC409081}.Debug|iPhone.ActiveCfg = Debug|iPhone
		{38DD9552-93BB-483B-881B-DC16FC409081}.Debug|iPhone.Build.0 = Debug|iPhone
		{38DD9552-93BB-483B-881B-DC16FC409081}.Debug|iPhoneSimulator.ActiveCfg = Debug|iPhoneSimulator
		{38DD9552-93BB-483B-881B-DC16FC409081}.Debug|iPhoneSimulator.Build.0 = Debug|iPhoneSimulator
		{38DD9552-93BB-483B-881B-DC16FC409081}.Debug|x64.ActiveCfg = Debug|iPhone
		{38DD9552-93BB-483B-881B-DC16FC409081}.Debug|x86.ActiveCfg = Debug|iPhone
		{38DD9552-93BB-483B-881B-DC16FC409081}.Release|Any CPU.ActiveCfg = Release|iPhone
		{38DD9552-93BB-483B-881B-DC16FC409081}.Release|ARM.ActiveCfg = Release|iPhone
		{38DD9552-93BB-483B-881B-DC16FC409081}.Release|iPhone.ActiveCfg = Release|iPhone
		{38DD9552-93BB-483B-881B-DC16FC409081}.Release|iPhone.Build.0 = Release|iPhone
		{38DD9552-93BB-483B-881B-DC16FC409081}.Release|iPhoneSimulator.ActiveCfg = Release|iPhoneSimulator
		{38DD9552-93BB-483B-881B-DC16FC409081}.Release|iPhoneSimulator.Build.0 = Release|iPhoneSimulator
		{38DD9552-93BB-483B-881B-DC16FC409081}.Release|x64.ActiveCfg = Release|iPhone
		{38DD9552-93BB-483B-881B-DC16FC409081}.Release|x86.ActiveCfg = Release|iPhone
	EndGlobalSection
	GlobalSection(SolutionProperties) = preSolution
		HideSolutionNode = FALSE
	EndGlobalSection
EndGlobal
